
Microsoft Visual Studio Solution File, Format Version 12.00
# Visual Studio Version 16
VisualStudioVersion = 16.0.30413.136
MinimumVisualStudioVersion = 10.0.40219.1
Project("{FAE04EC0-301F-11D3-BF4B-00C04F79EFBC}") = "PromotionEngine", "PromotionEngine\PromotionEngine.csproj", "{A06F429D-8F28-4F85-9F16-FF2150CB8C63}"
EndProject
Global
	GlobalSection(SolutionConfigurationPlatforms) = preSolution
		Debug|Any CPU = Debug|Any CPU
		Release|Any CPU = Release|Any CPU
	EndGlobalSection
	GlobalSection(ProjectConfigurationPlatforms) = postSolution
		{A06F429D-8F28-4F85-9F16-FF2150CB8C63}.Debug|Any CPU.ActiveCfg = Debug|Any CPU
		{A06F429D-8F28-4F85-9F16-FF2150CB8C63}.Debug|Any CPU.Build.0 = Debug|Any CPU
		{A06F429D-8F28-4F85-9F16-FF2150CB8C63}.Release|Any CPU.ActiveCfg = Release|Any CPU
		{A06F429D-8F28-4F85-9F16-FF2150CB8C63}.Release|Any CPU.Build.0 = Release|Any CPU
	EndGlobalSection
	GlobalSection(SolutionProperties) = preSolution
		HideSolutionNode = FALSE
	EndGlobalSection
	GlobalSection(ExtensibilityGlobals) = postSolution
		SolutionGuid = {D65CAD00-F744-44FC-853B-09245659E024}
	EndGlobalSection
EndGlobal
